
Microsoft Visual Studio Solution File, Format Version 12.00
# Visual Studio 15
VisualStudioVersion = 15.0.26124.0
MinimumVisualStudioVersion = 15.0.26124.0
Project("{FAE04EC0-301F-11D3-BF4B-00C04F79EFBC}") = "DemoLibrary", "DemoLibrary\DemoLibrary.csproj", "{DDDE5298-303B-48CB-974E-A1056826C3AB}"
EndProject
Project("{FAE04EC0-301F-11D3-BF4B-00C04F79EFBC}") = "ConsoleUI", "ConsoleUI\ConsoleUI.csproj", "{78EC2D62-78A1-49F2-85E1-85C77011EA13}"
EndProject
Global
	GlobalSection(SolutionConfigurationPlatforms) = preSolution
		Debug|Any CPU = Debug|Any CPU
		Debug|x64 = Debug|x64
		Debug|x86 = Debug|x86
		Release|Any CPU = Release|Any CPU
		Release|x64 = Release|x64
		Release|x86 = Release|x86
	EndGlobalSection
	GlobalSection(SolutionProperties) = preSolution
		HideSolutionNode = FALSE
	EndGlobalSection
	GlobalSection(ProjectConfigurationPlatforms) = postSolution
		{DDDE5298-303B-48CB-974E-A1056826C3AB}.Debug|Any CPU.ActiveCfg = Debug|Any CPU
		{DDDE5298-303B-48CB-974E-A1056826C3AB}.Debug|Any CPU.Build.0 = Debug|Any CPU
		{DDDE5298-303B-48CB-974E-A1056826C3AB}.Debug|x64.ActiveCfg = Debug|Any CPU
		{DDDE5298-303B-48CB-974E-A1056826C3AB}.Debug|x64.Build.0 = Debug|Any CPU
		{DDDE5298-303B-48CB-974E-A1056826C3AB}.Debug|x86.ActiveCfg = Debug|Any CPU
		{DDDE5298-303B-48CB-974E-A1056826C3AB}.Debug|x86.Build.0 = Debug|Any CPU
		{DDDE5298-303B-48CB-974E-A1056826C3AB}.Release|Any CPU.ActiveCfg = Release|Any CPU
		{DDDE5298-303B-48CB-974E-A1056826C3AB}.Release|Any CPU.Build.0 = Release|Any CPU
		{DDDE5298-303B-48CB-974E-A1056826C3AB}.Release|x64.ActiveCfg = Release|Any CPU
		{DDDE5298-303B-48CB-974E-A1056826C3AB}.Release|x64.Build.0 = Release|Any CPU
		{DDDE5298-303B-48CB-974E-A1056826C3AB}.Release|x86.ActiveCfg = Release|Any CPU
		{DDDE5298-303B-48CB-974E-A1056826C3AB}.Release|x86.Build.0 = Release|Any CPU
		{78EC2D62-78A1-49F2-85E1-85C77011EA13}.Debug|Any CPU.ActiveCfg = Debug|Any CPU
		{78EC2D62-78A1-49F2-85E1-85C77011EA13}.Debug|Any CPU.Build.0 = Debug|Any CPU
		{78EC2D62-78A1-49F2-85E1-85C77011EA13}.Debug|x64.ActiveCfg = Debug|Any CPU
		{78EC2D62-78A1-49F2-85E1-85C77011EA13}.Debug|x64.Build.0 = Debug|Any CPU
		{78EC2D62-78A1-49F2-85E1-85C77011EA13}.Debug|x86.ActiveCfg = Debug|Any CPU
		{78EC2D62-78A1-49F2-85E1-85C77011EA13}.Debug|x86.Build.0 = Debug|Any CPU
		{78EC2D62-78A1-49F2-85E1-85C77011EA13}.Release|Any CPU.ActiveCfg = Release|Any CPU
		{78EC2D62-78A1-49F2-85E1-85C77011EA13}.Release|Any CPU.Build.0 = Release|Any CPU
		{78EC2D62-78A1-49F2-85E1-85C77011EA13}.Release|x64.ActiveCfg = Release|Any CPU
		{78EC2D62-78A1-49F2-85E1-85C77011EA13}.Release|x64.Build.0 = Release|Any CPU
		{78EC2D62-78A1-49F2-85E1-85C77011EA13}.Release|x86.ActiveCfg = Release|Any CPU
		{78EC2D62-78A1-49F2-85E1-85C77011EA13}.Release|x86.Build.0 = Release|Any CPU
	EndGlobalSection
EndGlobal
